
Microsoft Visual Studio Solution File, Format Version 12.00
# Visual Studio Version 17
VisualStudioVersion = 17.8.34511.84
MinimumVisualStudioVersion = 10.0.40219.1
Project("{FAE04EC0-301F-11D3-BF4B-00C04F79EFBC}") = "AdmiApp", "AdmiApp\AdmiApp.csproj", "{70327A98-7FCB-49D9-80FF-A5700812AF72}"
EndProject
Global
	GlobalSection(SolutionConfigurationPlatforms) = preSolution
		Debug|Any CPU = Debug|Any CPU
		Release|Any CPU = Release|Any CPU
	EndGlobalSection
	GlobalSection(ProjectConfigurationPlatforms) = postSolution
		{70327A98-7FCB-49D9-80FF-A5700812AF72}.Debug|Any CPU.ActiveCfg = Debug|Any CPU
		{70327A98-7FCB-49D9-80FF-A5700812AF72}.Debug|Any CPU.Build.0 = Debug|Any CPU
		{70327A98-7FCB-49D9-80FF-A5700812AF72}.Debug|Any CPU.Deploy.0 = Debug|Any CPU
		{70327A98-7FCB-49D9-80FF-A5700812AF72}.Release|Any CPU.ActiveCfg = Release|Any CPU
		{70327A98-7FCB-49D9-80FF-A5700812AF72}.Release|Any CPU.Build.0 = Release|Any CPU
		{70327A98-7FCB-49D9-80FF-A5700812AF72}.Release|Any CPU.Deploy.0 = Release|Any CPU
	EndGlobalSection
	GlobalSection(SolutionProperties) = preSolution
		HideSolutionNode = FALSE
	EndGlobalSection
	GlobalSection(ExtensibilityGlobals) = postSolution
		SolutionGuid = {416C7664-CDDF-4D02-94FC-2BA1540DE135}
	EndGlobalSection
EndGlobal
